
Microsoft Visual Studio Solution File, Format Version 12.00
# Visual Studio Version 17
VisualStudioVersion = 17.4.33205.214
MinimumVisualStudioVersion = 10.0.40219.1
Project("{9A19103F-16F7-4668-BE54-9A1E7A4F7556}") = "AthleteDataAccessLibrary", "AthleteDataAccessLibrary\AthleteDataAccessLibrary.csproj", "{7EBFBDCE-BC6E-4E11-A07E-4E731E16B428}"
EndProject
Project("{9A19103F-16F7-4668-BE54-9A1E7A4F7556}") = "CoreLibrary", "CoreLibrary\CoreLibrary.csproj", "{ED7BC9BD-7600-4BE1-A37C-5CA96F34A235}"
EndProject
Project("{9A19103F-16F7-4668-BE54-9A1E7A4F7556}") = "PaceLetics.Web", "PaceLetics.Web\PaceLetics.Web.csproj", "{F1E0BF2F-444E-48AA-B3DD-B9B5E270FBE9}"
EndProject
Project("{9A19103F-16F7-4668-BE54-9A1E7A4F7556}") = "VdotModule", "VdotModule\VdotModule.csproj", "{DA14A985-38E0-4C19-A0CF-8C4EEC92362C}"
EndProject
Project("{9A19103F-16F7-4668-BE54-9A1E7A4F7556}") = "PaceLetics.Components", "PaceLetics.Components\PaceLetics.Components.csproj", "{E3E5846E-E6B4-4C0D-BAA2-3AA7EDDC4C21}"
EndProject
Project("{9A19103F-16F7-4668-BE54-9A1E7A4F7556}") = "WorkoutModule", "WorkoutModule\WorkoutModule.csproj", "{ABB96D34-FB7F-4E88-BDD6-0C550DD77886}"
EndProject
Project("{FAE04EC0-301F-11D3-BF4B-00C04F79EFBC}") = "RunningModule", "RunningModule\RunningModule.csproj", "{743B256F-CE09-403E-BA35-ED7B055B8C23}"
EndProject
Global
	GlobalSection(SolutionConfigurationPlatforms) = preSolution
		Debug|Any CPU = Debug|Any CPU
		Release|Any CPU = Release|Any CPU
	EndGlobalSection
	GlobalSection(ProjectConfigurationPlatforms) = postSolution
		{7EBFBDCE-BC6E-4E11-A07E-4E731E16B428}.Debug|Any CPU.ActiveCfg = Debug|Any CPU
		{7EBFBDCE-BC6E-4E11-A07E-4E731E16B428}.Debug|Any CPU.Build.0 = Debug|Any CPU
		{7EBFBDCE-BC6E-4E11-A07E-4E731E16B428}.Release|Any CPU.ActiveCfg = Release|Any CPU
		{7EBFBDCE-BC6E-4E11-A07E-4E731E16B428}.Release|Any CPU.Build.0 = Release|Any CPU
		{ED7BC9BD-7600-4BE1-A37C-5CA96F34A235}.Debug|Any CPU.ActiveCfg = Debug|Any CPU
		{ED7BC9BD-7600-4BE1-A37C-5CA96F34A235}.Debug|Any CPU.Build.0 = Debug|Any CPU
		{ED7BC9BD-7600-4BE1-A37C-5CA96F34A235}.Release|Any CPU.ActiveCfg = Release|Any CPU
		{ED7BC9BD-7600-4BE1-A37C-5CA96F34A235}.Release|Any CPU.Build.0 = Release|Any CPU
		{F1E0BF2F-444E-48AA-B3DD-B9B5E270FBE9}.Debug|Any CPU.ActiveCfg = Debug|Any CPU
		{F1E0BF2F-444E-48AA-B3DD-B9B5E270FBE9}.Debug|Any CPU.Build.0 = Debug|Any CPU
		{F1E0BF2F-444E-48AA-B3DD-B9B5E270FBE9}.Release|Any CPU.ActiveCfg = Release|Any CPU
		{F1E0BF2F-444E-48AA-B3DD-B9B5E270FBE9}.Release|Any CPU.Build.0 = Release|Any CPU
		{DA14A985-38E0-4C19-A0CF-8C4EEC92362C}.Debug|Any CPU.ActiveCfg = Debug|Any CPU
		{DA14A985-38E0-4C19-A0CF-8C4EEC92362C}.Debug|Any CPU.Build.0 = Debug|Any CPU
		{DA14A985-38E0-4C19-A0CF-8C4EEC92362C}.Release|Any CPU.ActiveCfg = Release|Any CPU
		{DA14A985-38E0-4C19-A0CF-8C4EEC92362C}.Release|Any CPU.Build.0 = Release|Any CPU
		{E3E5846E-E6B4-4C0D-BAA2-3AA7EDDC4C21}.Debug|Any CPU.ActiveCfg = Debug|Any CPU
		{E3E5846E-E6B4-4C0D-BAA2-3AA7EDDC4C21}.Debug|Any CPU.Build.0 = Debug|Any CPU
		{E3E5846E-E6B4-4C0D-BAA2-3AA7EDDC4C21}.Release|Any CPU.ActiveCfg = Release|Any CPU
		{E3E5846E-E6B4-4C0D-BAA2-3AA7EDDC4C21}.Release|Any CPU.Build.0 = Release|Any CPU
		{ABB96D34-FB7F-4E88-BDD6-0C550DD77886}.Debug|Any CPU.ActiveCfg = Debug|Any CPU
		{ABB96D34-FB7F-4E88-BDD6-0C550DD77886}.Debug|Any CPU.Build.0 = Debug|Any CPU
		{ABB96D34-FB7F-4E88-BDD6-0C550DD77886}.Release|Any CPU.ActiveCfg = Release|Any CPU
		{ABB96D34-FB7F-4E88-BDD6-0C550DD77886}.Release|Any CPU.Build.0 = Release|Any CPU
		{743B256F-CE09-403E-BA35-ED7B055B8C23}.Debug|Any CPU.ActiveCfg = Debug|Any CPU
		{743B256F-CE09-403E-BA35-ED7B055B8C23}.Debug|Any CPU.Build.0 = Debug|Any CPU
		{743B256F-CE09-403E-BA35-ED7B055B8C23}.Release|Any CPU.ActiveCfg = Release|Any CPU
		{743B256F-CE09-403E-BA35-ED7B055B8C23}.Release|Any CPU.Build.0 = Release|Any CPU
	EndGlobalSection
	GlobalSection(SolutionProperties) = preSolution
		HideSolutionNode = FALSE
	EndGlobalSection
	GlobalSection(ExtensibilityGlobals) = postSolution
		SolutionGuid = {DB41B04B-BBEA-4D6E-A335-3A03B73E1896}
	EndGlobalSection
EndGlobal
