
Microsoft Visual Studio Solution File, Format Version 12.00
# Visual Studio Version 18
VisualStudioVersion = 18.0.11222.15
MinimumVisualStudioVersion = 10.0.40219.1
Project("{9A19103F-16F7-4668-BE54-9A1E7A4F7556}") = "AthleteDataAccessLibrary", "AthleteDataAccessLibrary\AthleteDataAccessLibrary.csproj", "{7EBFBDCE-BC6E-4E11-A07E-4E731E16B428}"
EndProject
Project("{9A19103F-16F7-4668-BE54-9A1E7A4F7556}") = "PaceLetics.Web", "PaceLetics.Web\PaceLetics.Web.csproj", "{F1E0BF2F-444E-48AA-B3DD-B9B5E270FBE9}"
EndProject
Project("{2150E333-8FDC-42A3-9474-1A3956D46DE8}") = "CoreModule", "CoreModule", "{B98AF9BC-41E6-42BA-A3A9-DE8FA531A866}"
EndProject
Project("{9A19103F-16F7-4668-BE54-9A1E7A4F7556}") = "PaceLetics.CoreModule.Infrastructure", "PaceLetics.CoreModule.Infrastructure\PaceLetics.CoreModule.Infrastructure.csproj", "{0F63D51B-2E2B-44FB-A98F-FC1F9602C681}"
EndProject
Project("{9A19103F-16F7-4668-BE54-9A1E7A4F7556}") = "PaceLetics.CoreModule.Components", "PaceLetics.CoreModule.Components\PaceLetics.CoreModule.Components.csproj", "{C30DE362-FD04-46C0-9577-4358C906800C}"
EndProject
Project("{2150E333-8FDC-42A3-9474-1A3956D46DE8}") = "AthleteModule", "AthleteModule", "{3A9EDCB5-EAC5-41AF-AC3A-C0BC034A0B71}"
EndProject
Project("{9A19103F-16F7-4668-BE54-9A1E7A4F7556}") = "PaceLetics.AthleteModule.CodeBase", "PaceLetics.AthleteModule.CodeBase\PaceLetics.AthleteModule.CodeBase.csproj", "{24B2B201-A5D3-4934-BC8E-CA0C5D8668AA}"
EndProject
Project("{FAE04EC0-301F-11D3-BF4B-00C04F79EFBC}") = "PaceLetics.AthleteModule.Components", "PaceLetics.AthleteModule.Components\PaceLetics.AthleteModule.Components.csproj", "{D288BA6F-7E3E-4559-9F66-3A173D7E868A}"
EndProject
Project("{FAE04EC0-301F-11D3-BF4B-00C04F79EFBC}") = "PaceLetics.Tests", "PaceLetics.Tests\PaceLetics.Tests.csproj", "{97C2EBF4-3B06-4597-92FF-BBB374C86CFC}"
EndProject
Project("{2150E333-8FDC-42A3-9474-1A3956D46DE8}") = "TrainingPlanModule", "TrainingPlanModule", "{40AE6BD6-3C6E-4E26-987E-53077CA7CD2B}"
EndProject
Project("{FAE04EC0-301F-11D3-BF4B-00C04F79EFBC}") = "PaceLetics.TrainingPlanModule.CodeBase", "PaceLetics.TrainingPlanModule.CodeBase\PaceLetics.TrainingPlanModule.CodeBase.csproj", "{A23027FB-6FF7-4C06-B787-F568AC77D180}"
EndProject
Project("{FAE04EC0-301F-11D3-BF4B-00C04F79EFBC}") = "PaceLetics.TrainingModule.CodeBase", "PaceLetics.TrainingModule.CodeBase\PaceLetics.TrainingModule.CodeBase.csproj", "{CD84D355-7C43-44AA-BF33-7D3783FE8F5C}"
EndProject
Project("{FAE04EC0-301F-11D3-BF4B-00C04F79EFBC}") = "PaceLetics.TrainingModule.Components", "PaceLetics.TrainingModule.Components\PaceLetics.TrainingModule.Components.csproj", "{0C151744-DF00-4EAC-8658-87501F3A8497}"
EndProject
Global
	GlobalSection(SolutionConfigurationPlatforms) = preSolution
		Debug|Any CPU = Debug|Any CPU
		Debug|x64 = Debug|x64
		Debug|x86 = Debug|x86
		Release|Any CPU = Release|Any CPU
		Release|x64 = Release|x64
		Release|x86 = Release|x86
	EndGlobalSection
	GlobalSection(ProjectConfigurationPlatforms) = postSolution
		{7EBFBDCE-BC6E-4E11-A07E-4E731E16B428}.Debug|Any CPU.ActiveCfg = Debug|Any CPU
		{7EBFBDCE-BC6E-4E11-A07E-4E731E16B428}.Debug|Any CPU.Build.0 = Debug|Any CPU
		{7EBFBDCE-BC6E-4E11-A07E-4E731E16B428}.Debug|x64.ActiveCfg = Debug|Any CPU
		{7EBFBDCE-BC6E-4E11-A07E-4E731E16B428}.Debug|x64.Build.0 = Debug|Any CPU
		{7EBFBDCE-BC6E-4E11-A07E-4E731E16B428}.Debug|x86.ActiveCfg = Debug|Any CPU
		{7EBFBDCE-BC6E-4E11-A07E-4E731E16B428}.Debug|x86.Build.0 = Debug|Any CPU
		{7EBFBDCE-BC6E-4E11-A07E-4E731E16B428}.Release|Any CPU.ActiveCfg = Release|Any CPU
		{7EBFBDCE-BC6E-4E11-A07E-4E731E16B428}.Release|Any CPU.Build.0 = Release|Any CPU
		{7EBFBDCE-BC6E-4E11-A07E-4E731E16B428}.Release|x64.ActiveCfg = Release|Any CPU
		{7EBFBDCE-BC6E-4E11-A07E-4E731E16B428}.Release|x64.Build.0 = Release|Any CPU
		{7EBFBDCE-BC6E-4E11-A07E-4E731E16B428}.Release|x86.ActiveCfg = Release|Any CPU
		{7EBFBDCE-BC6E-4E11-A07E-4E731E16B428}.Release|x86.Build.0 = Release|Any CPU
		{F1E0BF2F-444E-48AA-B3DD-B9B5E270FBE9}.Debug|Any CPU.ActiveCfg = Debug|Any CPU
		{F1E0BF2F-444E-48AA-B3DD-B9B5E270FBE9}.Debug|Any CPU.Build.0 = Debug|Any CPU
		{F1E0BF2F-444E-48AA-B3DD-B9B5E270FBE9}.Debug|x64.ActiveCfg = Debug|Any CPU
		{F1E0BF2F-444E-48AA-B3DD-B9B5E270FBE9}.Debug|x64.Build.0 = Debug|Any CPU
		{F1E0BF2F-444E-48AA-B3DD-B9B5E270FBE9}.Debug|x86.ActiveCfg = Debug|Any CPU
		{F1E0BF2F-444E-48AA-B3DD-B9B5E270FBE9}.Debug|x86.Build.0 = Debug|Any CPU
		{F1E0BF2F-444E-48AA-B3DD-B9B5E270FBE9}.Release|Any CPU.ActiveCfg = Release|Any CPU
		{F1E0BF2F-444E-48AA-B3DD-B9B5E270FBE9}.Release|Any CPU.Build.0 = Release|Any CPU
		{F1E0BF2F-444E-48AA-B3DD-B9B5E270FBE9}.Release|x64.ActiveCfg = Release|Any CPU
		{F1E0BF2F-444E-48AA-B3DD-B9B5E270FBE9}.Release|x64.Build.0 = Release|Any CPU
		{F1E0BF2F-444E-48AA-B3DD-B9B5E270FBE9}.Release|x86.ActiveCfg = Release|Any CPU
		{F1E0BF2F-444E-48AA-B3DD-B9B5E270FBE9}.Release|x86.Build.0 = Release|Any CPU
		{0F63D51B-2E2B-44FB-A98F-FC1F9602C681}.Debug|Any CPU.ActiveCfg = Debug|Any CPU
		{0F63D51B-2E2B-44FB-A98F-FC1F9602C681}.Debug|Any CPU.Build.0 = Debug|Any CPU
		{0F63D51B-2E2B-44FB-A98F-FC1F9602C681}.Debug|x64.ActiveCfg = Debug|Any CPU
		{0F63D51B-2E2B-44FB-A98F-FC1F9602C681}.Debug|x64.Build.0 = Debug|Any CPU
		{0F63D51B-2E2B-44FB-A98F-FC1F9602C681}.Debug|x86.ActiveCfg = Debug|Any CPU
		{0F63D51B-2E2B-44FB-A98F-FC1F9602C681}.Debug|x86.Build.0 = Debug|Any CPU
		{0F63D51B-2E2B-44FB-A98F-FC1F9602C681}.Release|Any CPU.ActiveCfg = Release|Any CPU
		{0F63D51B-2E2B-44FB-A98F-FC1F9602C681}.Release|Any CPU.Build.0 = Release|Any CPU
		{0F63D51B-2E2B-44FB-A98F-FC1F9602C681}.Release|x64.ActiveCfg = Release|Any CPU
		{0F63D51B-2E2B-44FB-A98F-FC1F9602C681}.Release|x64.Build.0 = Release|Any CPU
		{0F63D51B-2E2B-44FB-A98F-FC1F9602C681}.Release|x86.ActiveCfg = Release|Any CPU
		{0F63D51B-2E2B-44FB-A98F-FC1F9602C681}.Release|x86.Build.0 = Release|Any CPU
		{C30DE362-FD04-46C0-9577-4358C906800C}.Debug|Any CPU.ActiveCfg = Debug|Any CPU
		{C30DE362-FD04-46C0-9577-4358C906800C}.Debug|Any CPU.Build.0 = Debug|Any CPU
		{C30DE362-FD04-46C0-9577-4358C906800C}.Debug|x64.ActiveCfg = Debug|Any CPU
		{C30DE362-FD04-46C0-9577-4358C906800C}.Debug|x64.Build.0 = Debug|Any CPU
		{C30DE362-FD04-46C0-9577-4358C906800C}.Debug|x86.ActiveCfg = Debug|Any CPU
		{C30DE362-FD04-46C0-9577-4358C906800C}.Debug|x86.Build.0 = Debug|Any CPU
		{C30DE362-FD04-46C0-9577-4358C906800C}.Release|Any CPU.ActiveCfg = Release|Any CPU
		{C30DE362-FD04-46C0-9577-4358C906800C}.Release|Any CPU.Build.0 = Release|Any CPU
		{C30DE362-FD04-46C0-9577-4358C906800C}.Release|x64.ActiveCfg = Release|Any CPU
		{C30DE362-FD04-46C0-9577-4358C906800C}.Release|x64.Build.0 = Release|Any CPU
		{C30DE362-FD04-46C0-9577-4358C906800C}.Release|x86.ActiveCfg = Release|Any CPU
		{C30DE362-FD04-46C0-9577-4358C906800C}.Release|x86.Build.0 = Release|Any CPU
		{24B2B201-A5D3-4934-BC8E-CA0C5D8668AA}.Debug|Any CPU.ActiveCfg = Debug|Any CPU
		{24B2B201-A5D3-4934-BC8E-CA0C5D8668AA}.Debug|Any CPU.Build.0 = Debug|Any CPU
		{24B2B201-A5D3-4934-BC8E-CA0C5D8668AA}.Debug|x64.ActiveCfg = Debug|Any CPU
		{24B2B201-A5D3-4934-BC8E-CA0C5D8668AA}.Debug|x64.Build.0 = Debug|Any CPU
		{24B2B201-A5D3-4934-BC8E-CA0C5D8668AA}.Debug|x86.ActiveCfg = Debug|Any CPU
		{24B2B201-A5D3-4934-BC8E-CA0C5D8668AA}.Debug|x86.Build.0 = Debug|Any CPU
		{24B2B201-A5D3-4934-BC8E-CA0C5D8668AA}.Release|Any CPU.ActiveCfg = Release|Any CPU
		{24B2B201-A5D3-4934-BC8E-CA0C5D8668AA}.Release|Any CPU.Build.0 = Release|Any CPU
		{24B2B201-A5D3-4934-BC8E-CA0C5D8668AA}.Release|x64.ActiveCfg = Release|Any CPU
		{24B2B201-A5D3-4934-BC8E-CA0C5D8668AA}.Release|x64.Build.0 = Release|Any CPU
		{24B2B201-A5D3-4934-BC8E-CA0C5D8668AA}.Release|x86.ActiveCfg = Release|Any CPU
		{24B2B201-A5D3-4934-BC8E-CA0C5D8668AA}.Release|x86.Build.0 = Release|Any CPU
		{D288BA6F-7E3E-4559-9F66-3A173D7E868A}.Debug|Any CPU.ActiveCfg = Debug|Any CPU
		{D288BA6F-7E3E-4559-9F66-3A173D7E868A}.Debug|Any CPU.Build.0 = Debug|Any CPU
		{D288BA6F-7E3E-4559-9F66-3A173D7E868A}.Debug|x64.ActiveCfg = Debug|Any CPU
		{D288BA6F-7E3E-4559-9F66-3A173D7E868A}.Debug|x64.Build.0 = Debug|Any CPU
		{D288BA6F-7E3E-4559-9F66-3A173D7E868A}.Debug|x86.ActiveCfg = Debug|Any CPU
		{D288BA6F-7E3E-4559-9F66-3A173D7E868A}.Debug|x86.Build.0 = Debug|Any CPU
		{D288BA6F-7E3E-4559-9F66-3A173D7E868A}.Release|Any CPU.ActiveCfg = Release|Any CPU
		{D288BA6F-7E3E-4559-9F66-3A173D7E868A}.Release|Any CPU.Build.0 = Release|Any CPU
		{D288BA6F-7E3E-4559-9F66-3A173D7E868A}.Release|x64.ActiveCfg = Release|Any CPU
		{D288BA6F-7E3E-4559-9F66-3A173D7E868A}.Release|x64.Build.0 = Release|Any CPU
		{D288BA6F-7E3E-4559-9F66-3A173D7E868A}.Release|x86.ActiveCfg = Release|Any CPU
		{D288BA6F-7E3E-4559-9F66-3A173D7E868A}.Release|x86.Build.0 = Release|Any CPU
		{97C2EBF4-3B06-4597-92FF-BBB374C86CFC}.Debug|Any CPU.ActiveCfg = Debug|Any CPU
		{97C2EBF4-3B06-4597-92FF-BBB374C86CFC}.Debug|Any CPU.Build.0 = Debug|Any CPU
		{97C2EBF4-3B06-4597-92FF-BBB374C86CFC}.Debug|x64.ActiveCfg = Debug|Any CPU
		{97C2EBF4-3B06-4597-92FF-BBB374C86CFC}.Debug|x64.Build.0 = Debug|Any CPU
		{97C2EBF4-3B06-4597-92FF-BBB374C86CFC}.Debug|x86.ActiveCfg = Debug|Any CPU
		{97C2EBF4-3B06-4597-92FF-BBB374C86CFC}.Debug|x86.Build.0 = Debug|Any CPU
		{97C2EBF4-3B06-4597-92FF-BBB374C86CFC}.Release|Any CPU.ActiveCfg = Release|Any CPU
		{97C2EBF4-3B06-4597-92FF-BBB374C86CFC}.Release|Any CPU.Build.0 = Release|Any CPU
		{97C2EBF4-3B06-4597-92FF-BBB374C86CFC}.Release|x64.ActiveCfg = Release|Any CPU
		{97C2EBF4-3B06-4597-92FF-BBB374C86CFC}.Release|x64.Build.0 = Release|Any CPU
		{97C2EBF4-3B06-4597-92FF-BBB374C86CFC}.Release|x86.ActiveCfg = Release|Any CPU
		{97C2EBF4-3B06-4597-92FF-BBB374C86CFC}.Release|x86.Build.0 = Release|Any CPU
		{A23027FB-6FF7-4C06-B787-F568AC77D180}.Debug|Any CPU.ActiveCfg = Debug|Any CPU
		{A23027FB-6FF7-4C06-B787-F568AC77D180}.Debug|Any CPU.Build.0 = Debug|Any CPU
		{A23027FB-6FF7-4C06-B787-F568AC77D180}.Debug|x64.ActiveCfg = Debug|Any CPU
		{A23027FB-6FF7-4C06-B787-F568AC77D180}.Debug|x64.Build.0 = Debug|Any CPU
		{A23027FB-6FF7-4C06-B787-F568AC77D180}.Debug|x86.ActiveCfg = Debug|Any CPU
		{A23027FB-6FF7-4C06-B787-F568AC77D180}.Debug|x86.Build.0 = Debug|Any CPU
		{A23027FB-6FF7-4C06-B787-F568AC77D180}.Release|Any CPU.ActiveCfg = Release|Any CPU
		{A23027FB-6FF7-4C06-B787-F568AC77D180}.Release|Any CPU.Build.0 = Release|Any CPU
		{A23027FB-6FF7-4C06-B787-F568AC77D180}.Release|x64.ActiveCfg = Release|Any CPU
		{A23027FB-6FF7-4C06-B787-F568AC77D180}.Release|x64.Build.0 = Release|Any CPU
		{A23027FB-6FF7-4C06-B787-F568AC77D180}.Release|x86.ActiveCfg = Release|Any CPU
		{A23027FB-6FF7-4C06-B787-F568AC77D180}.Release|x86.Build.0 = Release|Any CPU
		{CD84D355-7C43-44AA-BF33-7D3783FE8F5C}.Debug|Any CPU.ActiveCfg = Debug|Any CPU
		{CD84D355-7C43-44AA-BF33-7D3783FE8F5C}.Debug|Any CPU.Build.0 = Debug|Any CPU
		{CD84D355-7C43-44AA-BF33-7D3783FE8F5C}.Debug|x64.ActiveCfg = Debug|Any CPU
		{CD84D355-7C43-44AA-BF33-7D3783FE8F5C}.Debug|x64.Build.0 = Debug|Any CPU
		{CD84D355-7C43-44AA-BF33-7D3783FE8F5C}.Debug|x86.ActiveCfg = Debug|Any CPU
		{CD84D355-7C43-44AA-BF33-7D3783FE8F5C}.Debug|x86.Build.0 = Debug|Any CPU
		{CD84D355-7C43-44AA-BF33-7D3783FE8F5C}.Release|Any CPU.ActiveCfg = Release|Any CPU
		{CD84D355-7C43-44AA-BF33-7D3783FE8F5C}.Release|Any CPU.Build.0 = Release|Any CPU
		{CD84D355-7C43-44AA-BF33-7D3783FE8F5C}.Release|x64.ActiveCfg = Release|Any CPU
		{CD84D355-7C43-44AA-BF33-7D3783FE8F5C}.Release|x64.Build.0 = Release|Any CPU
		{CD84D355-7C43-44AA-BF33-7D3783FE8F5C}.Release|x86.ActiveCfg = Release|Any CPU
		{CD84D355-7C43-44AA-BF33-7D3783FE8F5C}.Release|x86.Build.0 = Release|Any CPU
		{0C151744-DF00-4EAC-8658-87501F3A8497}.Debug|Any CPU.ActiveCfg = Debug|Any CPU
		{0C151744-DF00-4EAC-8658-87501F3A8497}.Debug|Any CPU.Build.0 = Debug|Any CPU
		{0C151744-DF00-4EAC-8658-87501F3A8497}.Debug|x64.ActiveCfg = Debug|Any CPU
		{0C151744-DF00-4EAC-8658-87501F3A8497}.Debug|x64.Build.0 = Debug|Any CPU
		{0C151744-DF00-4EAC-8658-87501F3A8497}.Debug|x86.ActiveCfg = Debug|Any CPU
		{0C151744-DF00-4EAC-8658-87501F3A8497}.Debug|x86.Build.0 = Debug|Any CPU
		{0C151744-DF00-4EAC-8658-87501F3A8497}.Release|Any CPU.ActiveCfg = Release|Any CPU
		{0C151744-DF00-4EAC-8658-87501F3A8497}.Release|Any CPU.Build.0 = Release|Any CPU
		{0C151744-DF00-4EAC-8658-87501F3A8497}.Release|x64.ActiveCfg = Release|Any CPU
		{0C151744-DF00-4EAC-8658-87501F3A8497}.Release|x64.Build.0 = Release|Any CPU
		{0C151744-DF00-4EAC-8658-87501F3A8497}.Release|x86.ActiveCfg = Release|Any CPU
		{0C151744-DF00-4EAC-8658-87501F3A8497}.Release|x86.Build.0 = Release|Any CPU
	EndGlobalSection
	GlobalSection(SolutionProperties) = preSolution
		HideSolutionNode = FALSE
	EndGlobalSection
	GlobalSection(NestedProjects) = preSolution
		{0F63D51B-2E2B-44FB-A98F-FC1F9602C681} = {B98AF9BC-41E6-42BA-A3A9-DE8FA531A866}
		{C30DE362-FD04-46C0-9577-4358C906800C} = {B98AF9BC-41E6-42BA-A3A9-DE8FA531A866}
		{24B2B201-A5D3-4934-BC8E-CA0C5D8668AA} = {3A9EDCB5-EAC5-41AF-AC3A-C0BC034A0B71}
		{D288BA6F-7E3E-4559-9F66-3A173D7E868A} = {3A9EDCB5-EAC5-41AF-AC3A-C0BC034A0B71}
		{A23027FB-6FF7-4C06-B787-F568AC77D180} = {40AE6BD6-3C6E-4E26-987E-53077CA7CD2B}
	EndGlobalSection
	GlobalSection(ExtensibilityGlobals) = postSolution
		SolutionGuid = {DB41B04B-BBEA-4D6E-A335-3A03B73E1896}
	EndGlobalSection
EndGlobal
